
Microsoft Visual Studio Solution File, Format Version 12.00
# Visual Studio Version 16
VisualStudioVersion = 16.0.30114.105
MinimumVisualStudioVersion = 10.0.40219.1
Project("{9A19103F-16F7-4668-BE54-9A1E7A4F7556}") = "HumanityService", "HumanityService\HumanityService.csproj", "{0F0D12FE-1D0C-40F7-BFCA-818539B4B769}"
EndProject
Project("{9A19103F-16F7-4668-BE54-9A1E7A4F7556}") = "HumanityService.DataContracts", "HumanityService.DataContracts\HumanityService.DataContracts.csproj", "{C723AA54-A2CD-4F33-AC2E-CED3FDD85F9F}"
EndProject
Global
	GlobalSection(SolutionConfigurationPlatforms) = preSolution
		Debug|Any CPU = Debug|Any CPU
		Release|Any CPU = Release|Any CPU
	EndGlobalSection
	GlobalSection(ProjectConfigurationPlatforms) = postSolution
		{0F0D12FE-1D0C-40F7-BFCA-818539B4B769}.Debug|Any CPU.ActiveCfg = Debug|Any CPU
		{0F0D12FE-1D0C-40F7-BFCA-818539B4B769}.Debug|Any CPU.Build.0 = Debug|Any CPU
		{0F0D12FE-1D0C-40F7-BFCA-818539B4B769}.Release|Any CPU.ActiveCfg = Release|Any CPU
		{0F0D12FE-1D0C-40F7-BFCA-818539B4B769}.Release|Any CPU.Build.0 = Release|Any CPU
		{C723AA54-A2CD-4F33-AC2E-CED3FDD85F9F}.Debug|Any CPU.ActiveCfg = Debug|Any CPU
		{C723AA54-A2CD-4F33-AC2E-CED3FDD85F9F}.Debug|Any CPU.Build.0 = Debug|Any CPU
		{C723AA54-A2CD-4F33-AC2E-CED3FDD85F9F}.Release|Any CPU.ActiveCfg = Release|Any CPU
		{C723AA54-A2CD-4F33-AC2E-CED3FDD85F9F}.Release|Any CPU.Build.0 = Release|Any CPU
	EndGlobalSection
	GlobalSection(SolutionProperties) = preSolution
		HideSolutionNode = FALSE
	EndGlobalSection
	GlobalSection(ExtensibilityGlobals) = postSolution
		SolutionGuid = {3C202F42-3134-4132-89E6-2660CE891A61}
	EndGlobalSection
EndGlobal
