
Microsoft Visual Studio Solution File, Format Version 12.00
# Visual Studio Version 16
VisualStudioVersion = 16.0.30114.105
MinimumVisualStudioVersion = 10.0.40219.1
Project("{9A19103F-16F7-4668-BE54-9A1E7A4F7556}") = "HumanityService.Migrations", "HumanityService.Migrations\HumanityService.Migrations.csproj", "{4D05842B-0A0F-422B-A9FA-E3A799665169}"
EndProject
Project("{9A19103F-16F7-4668-BE54-9A1E7A4F7556}") = "HumanityService", "HumanityService\HumanityService.csproj", "{3C8842CE-D2B4-486E-AA78-D42639633A44}"
EndProject
Project("{9A19103F-16F7-4668-BE54-9A1E7A4F7556}") = "HumanityService.DataContracts", "HumanityService.DataContracts\HumanityService.DataContracts.csproj", "{03BE9F9C-5B33-4707-8BA0-FA4D4D1B7055}"
EndProject
Project("{9A19103F-16F7-4668-BE54-9A1E7A4F7556}") = "Client", "Client\Client.csproj", "{261FE039-6472-4DB6-AD07-EA4491DF9492}"
EndProject
Project("{9A19103F-16F7-4668-BE54-9A1E7A4F7556}") = "Codify.LawIndex", "..\..\..\..\..\..\Codify\LawIndexService\LawIndexService\Codify.LawIndex\Codify.LawIndex.csproj", "{4C40DA92-1332-45E9-8382-EFB77756A7C7}"
EndProject
Global
	GlobalSection(SolutionConfigurationPlatforms) = preSolution
		Debug|Any CPU = Debug|Any CPU
		Release|Any CPU = Release|Any CPU
	EndGlobalSection
	GlobalSection(ProjectConfigurationPlatforms) = postSolution
		{4D05842B-0A0F-422B-A9FA-E3A799665169}.Debug|Any CPU.ActiveCfg = Debug|Any CPU
		{4D05842B-0A0F-422B-A9FA-E3A799665169}.Debug|Any CPU.Build.0 = Debug|Any CPU
		{4D05842B-0A0F-422B-A9FA-E3A799665169}.Release|Any CPU.ActiveCfg = Release|Any CPU
		{4D05842B-0A0F-422B-A9FA-E3A799665169}.Release|Any CPU.Build.0 = Release|Any CPU
		{3C8842CE-D2B4-486E-AA78-D42639633A44}.Debug|Any CPU.ActiveCfg = Debug|Any CPU
		{3C8842CE-D2B4-486E-AA78-D42639633A44}.Debug|Any CPU.Build.0 = Debug|Any CPU
		{3C8842CE-D2B4-486E-AA78-D42639633A44}.Release|Any CPU.ActiveCfg = Release|Any CPU
		{3C8842CE-D2B4-486E-AA78-D42639633A44}.Release|Any CPU.Build.0 = Release|Any CPU
		{03BE9F9C-5B33-4707-8BA0-FA4D4D1B7055}.Debug|Any CPU.ActiveCfg = Debug|Any CPU
		{03BE9F9C-5B33-4707-8BA0-FA4D4D1B7055}.Debug|Any CPU.Build.0 = Debug|Any CPU
		{03BE9F9C-5B33-4707-8BA0-FA4D4D1B7055}.Release|Any CPU.ActiveCfg = Release|Any CPU
		{03BE9F9C-5B33-4707-8BA0-FA4D4D1B7055}.Release|Any CPU.Build.0 = Release|Any CPU
		{261FE039-6472-4DB6-AD07-EA4491DF9492}.Debug|Any CPU.ActiveCfg = Debug|Any CPU
		{261FE039-6472-4DB6-AD07-EA4491DF9492}.Debug|Any CPU.Build.0 = Debug|Any CPU
		{261FE039-6472-4DB6-AD07-EA4491DF9492}.Release|Any CPU.ActiveCfg = Release|Any CPU
		{261FE039-6472-4DB6-AD07-EA4491DF9492}.Release|Any CPU.Build.0 = Release|Any CPU
		{4C40DA92-1332-45E9-8382-EFB77756A7C7}.Debug|Any CPU.ActiveCfg = Debug|Any CPU
		{4C40DA92-1332-45E9-8382-EFB77756A7C7}.Debug|Any CPU.Build.0 = Debug|Any CPU
		{4C40DA92-1332-45E9-8382-EFB77756A7C7}.Release|Any CPU.ActiveCfg = Release|Any CPU
		{4C40DA92-1332-45E9-8382-EFB77756A7C7}.Release|Any CPU.Build.0 = Release|Any CPU
	EndGlobalSection
	GlobalSection(SolutionProperties) = preSolution
		HideSolutionNode = FALSE
	EndGlobalSection
	GlobalSection(ExtensibilityGlobals) = postSolution
		SolutionGuid = {3C202F42-3134-4132-89E6-2660CE891A61}
	EndGlobalSection
EndGlobal
